// !$*UTF8*$!
{
	archiveVersion = 1;
	classes = {
	};
	objectVersion = 77;
	objects = {

/* Begin PBXBuildFile section */
		2A369E47736FA626323CEF25 /* ProfileView.swift in Sources */ = {isa = PBXBuildFile; fileRef = E53E08D1A4CF0DE70074A344 /* ProfileView.swift */; };
		2A71043ED4BBAF7A09523AFF /* Components.swift in Sources */ = {isa = PBXBuildFile; fileRef = A415A6402658DC75C3C37C3C /* Components.swift */; };
		2A882A99A8CD48DE197DD5A5 /* PhotoSupport.swift in Sources */ = {isa = PBXBuildFile; fileRef = 3A318726DFFA74FF768BA96D /* PhotoSupport.swift */; };
		388862FD824CE56B55EE672A /* Theme.swift in Sources */ = {isa = PBXBuildFile; fileRef = 4FDBAEC8202622CA34A302EA /* Theme.swift */; };
		44168B322E9C8DF64A6B35D2 /* PrivacyInfo.xcprivacy in Resources */ = {isa = PBXBuildFile; fileRef = 5D321FCC3B325158C232F567 /* PrivacyInfo.xcprivacy */; };
		46248B5DA3F8CE7CF349D01C /* GymScore.swift in Sources */ = {isa = PBXBuildFile; fileRef = 1250C29A42354C7EA62ADC58 /* GymScore.swift */; };
		46EBB8712F3CB101DB8A4FED /* AppStore.swift in Sources */ = {isa = PBXBuildFile; fileRef = D0B083763AEA6D7CE3C7B500 /* AppStore.swift */; };
		5D87F9D09E700FC924A4C724 /* Assets.xcassets in Resources */ = {isa = PBXBuildFile; fileRef = B83B0B92285D78A53157123F /* Assets.xcassets */; };
		6F3B3519B39CCE8280492005 /* RootView.swift in Sources */ = {isa = PBXBuildFile; fileRef = 29747A9B85AA4E6D8D9D3843 /* RootView.swift */; };
		AEC40F20A484762912222BA0 /* LocationManager.swift in Sources */ = {isa = PBXBuildFile; fileRef = F46519F370ACB4CE695F4928 /* LocationManager.swift */; };
		B2BA2EDCA173DDEDD61FF8BD /* SocialViews.swift in Sources */ = {isa = PBXBuildFile; fileRef = A94209F7155C5A09DA6E950A /* SocialViews.swift */; };
		BEBB454C3035C16BFE9C0067 /* RankingView.swift in Sources */ = {isa = PBXBuildFile; fileRef = 351AF069FE04261E1DB0C543 /* RankingView.swift */; };
		C96DA3E9AC38A13BD8D381B1 /* PartnerView.swift in Sources */ = {isa = PBXBuildFile; fileRef = C6E2A074351DB17430CAE561 /* PartnerView.swift */; };
		CF3EFCE5F7B166F143B9B408 /* PlanView.swift in Sources */ = {isa = PBXBuildFile; fileRef = EF5C837837CFA069C8F53AE4 /* PlanView.swift */; };
		D1A51AF5DF1BCC6CDABBD42C /* Models.swift in Sources */ = {isa = PBXBuildFile; fileRef = D1596E5BECE9666DDA76867A /* Models.swift */; };
		EF71FBCBDF30D20460C49750 /* TrainView.swift in Sources */ = {isa = PBXBuildFile; fileRef = D1DF8FC23C0BF2E64342C5D7 /* TrainView.swift */; };
		FBCDEE4F608FFD8E2591F44A /* GymSwipeIOSApp.swift in Sources */ = {isa = PBXBuildFile; fileRef = 9CAC012CB53EB545C20ED468 /* GymSwipeIOSApp.swift */; };
/* End PBXBuildFile section */

/* Begin PBXFileReference section */
		1250C29A42354C7EA62ADC58 /* GymScore.swift */ = {isa = PBXFileReference; lastKnownFileType = sourcecode.swift; path = GymScore.swift; sourceTree = "<group>"; };
		29747A9B85AA4E6D8D9D3843 /* RootView.swift */ = {isa = PBXFileReference; lastKnownFileType = sourcecode.swift; path = RootView.swift; sourceTree = "<group>"; };
		351AF069FE04261E1DB0C543 /* RankingView.swift */ = {isa = PBXFileReference; lastKnownFileType = sourcecode.swift; path = RankingView.swift; sourceTree = "<group>"; };
		3A318726DFFA74FF768BA96D /* PhotoSupport.swift */ = {isa = PBXFileReference; lastKnownFileType = sourcecode.swift; path = PhotoSupport.swift; sourceTree = "<group>"; };
		43FB86BA08732C17FD45EDF6 /* GymSwipeIOS.app */ = {isa = PBXFileReference; includeInIndex = 0; lastKnownFileType = wrapper.application; path = GymSwipeIOS.app; sourceTree = BUILT_PRODUCTS_DIR; };
		45AAAB98E146869DA2747469 /* Info.plist */ = {isa = PBXFileReference; lastKnownFileType = text.plist; path = Info.plist; sourceTree = "<group>"; };
		4FDBAEC8202622CA34A302EA /* Theme.swift */ = {isa = PBXFileReference; lastKnownFileType = sourcecode.swift; path = Theme.swift; sourceTree = "<group>"; };
		5D321FCC3B325158C232F567 /* PrivacyInfo.xcprivacy */ = {isa = PBXFileReference; path = PrivacyInfo.xcprivacy; sourceTree = "<group>"; };
		9CAC012CB53EB545C20ED468 /* GymSwipeIOSApp.swift */ = {isa = PBXFileReference; lastKnownFileType = sourcecode.swift; path = GymSwipeIOSApp.swift; sourceTree = "<group>"; };
		A415A6402658DC75C3C37C3C /* Components.swift */ = {isa = PBXFileReference; lastKnownFileType = sourcecode.swift; path = Components.swift; sourceTree = "<group>"; };
		A94209F7155C5A09DA6E950A /* SocialViews.swift */ = {isa = PBXFileReference; lastKnownFileType = sourcecode.swift; path = SocialViews.swift; sourceTree = "<group>"; };
		B83B0B92285D78A53157123F /* Assets.xcassets */ = {isa = PBXFileReference; lastKnownFileType = folder.assetcatalog; path = Assets.xcassets; sourceTree = "<group>"; };
		C6E2A074351DB17430CAE561 /* PartnerView.swift */ = {isa = PBXFileReference; lastKnownFileType = sourcecode.swift; path = PartnerView.swift; sourceTree = "<group>"; };
		D0B083763AEA6D7CE3C7B500 /* AppStore.swift */ = {isa = PBXFileReference; lastKnownFileType = sourcecode.swift; path = AppStore.swift; sourceTree = "<group>"; };
		D1596E5BECE9666DDA76867A /* Models.swift */ = {isa = PBXFileReference; lastKnownFileType = sourcecode.swift; path = Models.swift; sourceTree = "<group>"; };
		D1DF8FC23C0BF2E64342C5D7 /* TrainView.swift */ = {isa = PBXFileReference; lastKnownFileType = sourcecode.swift; path = TrainView.swift; sourceTree = "<group>"; };
		E53E08D1A4CF0DE70074A344 /* ProfileView.swift */ = {isa = PBXFileReference; lastKnownFileType = sourcecode.swift; path = ProfileView.swift; sourceTree = "<group>"; };
		EF5C837837CFA069C8F53AE4 /* PlanView.swift */ = {isa = PBXFileReference; lastKnownFileType = sourcecode.swift; path = PlanView.swift; sourceTree = "<group>"; };
		F46519F370ACB4CE695F4928 /* LocationManager.swift */ = {isa = PBXFileReference; lastKnownFileType = sourcecode.swift; path = LocationManager.swift; sourceTree = "<group>"; };
/* End PBXFileReference section */

/* Begin PBXGroup section */
		38A6DA15457604A9A5986D64 /* Products */ = {
			isa = PBXGroup;
			children = (
				43FB86BA08732C17FD45EDF6 /* GymSwipeIOS.app */,
			);
			name = Products;
			sourceTree = "<group>";
		};
		9C4D981609085AAFB38BE24C = {
			isa = PBXGroup;
			children = (
				DF4F6CA473D782953BF29753 /* GymSwipeIOS */,
				38A6DA15457604A9A5986D64 /* Products */,
			);
			sourceTree = "<group>";
		};
		DF4F6CA473D782953BF29753 /* GymSwipeIOS */ = {
			isa = PBXGroup;
			children = (
				D0B083763AEA6D7CE3C7B500 /* AppStore.swift */,
				B83B0B92285D78A53157123F /* Assets.xcassets */,
				A415A6402658DC75C3C37C3C /* Components.swift */,
				1250C29A42354C7EA62ADC58 /* GymScore.swift */,
				9CAC012CB53EB545C20ED468 /* GymSwipeIOSApp.swift */,
				45AAAB98E146869DA2747469 /* Info.plist */,
				F46519F370ACB4CE695F4928 /* LocationManager.swift */,
				D1596E5BECE9666DDA76867A /* Models.swift */,
				C6E2A074351DB17430CAE561 /* PartnerView.swift */,
				3A318726DFFA74FF768BA96D /* PhotoSupport.swift */,
				EF5C837837CFA069C8F53AE4 /* PlanView.swift */,
				5D321FCC3B325158C232F567 /* PrivacyInfo.xcprivacy */,
				E53E08D1A4CF0DE70074A344 /* ProfileView.swift */,
				351AF069FE04261E1DB0C543 /* RankingView.swift */,
				29747A9B85AA4E6D8D9D3843 /* RootView.swift */,
				A94209F7155C5A09DA6E950A /* SocialViews.swift */,
				4FDBAEC8202622CA34A302EA /* Theme.swift */,
				D1DF8FC23C0BF2E64342C5D7 /* TrainView.swift */,
			);
			path = GymSwipeIOS;
			sourceTree = "<group>";
		};
/* End PBXGroup section */

/* Begin PBXNativeTarget section */
		68468B72CEEA83A73E86F243 /* GymSwipeIOS */ = {
			isa = PBXNativeTarget;
			buildConfigurationList = 88267C34260ADA5CF97A93AE /* Build configuration list for PBXNativeTarget "GymSwipeIOS" */;
			buildPhases = (
				2987ADFC3782AA9EC23E1369 /* Sources */,
				7420902C9A241759DEA29F80 /* Resources */,
			);
			buildRules = (
			);
			dependencies = (
			);
			name = GymSwipeIOS;
			packageProductDependencies = (
			);
			productName = GymSwipeIOS;
			productReference = 43FB86BA08732C17FD45EDF6 /* GymSwipeIOS.app */;
			productType = "com.apple.product-type.application";
		};
/* End PBXNativeTarget section */

/* Begin PBXProject section */
		E59A13C9409BBD82CC4E974F /* Project object */ = {
			isa = PBXProject;
			attributes = {
				BuildIndependentTargetsInParallel = YES;
				LastUpgradeCheck = 1600;
				TargetAttributes = {
				};
			};
			buildConfigurationList = 2F318D80FF755CBCABE5E35D /* Build configuration list for PBXProject "GymSwipeIOS" */;
			developmentRegion = en;
			hasScannedForEncodings = 0;
			knownRegions = (
				Base,
				en,
			);
			mainGroup = 9C4D981609085AAFB38BE24C;
			minimizedProjectReferenceProxies = 1;
			preferredProjectObjectVersion = 77;
			productRefGroup = 38A6DA15457604A9A5986D64 /* Products */;
			projectDirPath = "";
			projectRoot = "";
			targets = (
				68468B72CEEA83A73E86F243 /* GymSwipeIOS */,
			);
		};
/* End PBXProject section */

/* Begin PBXResourcesBuildPhase section */
		7420902C9A241759DEA29F80 /* Resources */ = {
			isa = PBXResourcesBuildPhase;
			buildActionMask = 2147483647;
			files = (
				5D87F9D09E700FC924A4C724 /* Assets.xcassets in Resources */,
				44168B322E9C8DF64A6B35D2 /* PrivacyInfo.xcprivacy in Resources */,
			);
			runOnlyForDeploymentPostprocessing = 0;
		};
/* End PBXResourcesBuildPhase section */

/* Begin PBXSourcesBuildPhase section */
		2987ADFC3782AA9EC23E1369 /* Sources */ = {
			isa = PBXSourcesBuildPhase;
			buildActionMask = 2147483647;
			files = (
				46EBB8712F3CB101DB8A4FED /* AppStore.swift in Sources */,
				2A71043ED4BBAF7A09523AFF /* Components.swift in Sources */,
				46248B5DA3F8CE7CF349D01C /* GymScore.swift in Sources */,
				FBCDEE4F608FFD8E2591F44A /* GymSwipeIOSApp.swift in Sources */,
				AEC40F20A484762912222BA0 /* LocationManager.swift in Sources */,
				D1A51AF5DF1BCC6CDABBD42C /* Models.swift in Sources */,
				C96DA3E9AC38A13BD8D381B1 /* PartnerView.swift in Sources */,
				2A882A99A8CD48DE197DD5A5 /* PhotoSupport.swift in Sources */,
				CF3EFCE5F7B166F143B9B408 /* PlanView.swift in Sources */,
				2A369E47736FA626323CEF25 /* ProfileView.swift in Sources */,
				BEBB454C3035C16BFE9C0067 /* RankingView.swift in Sources */,
				6F3B3519B39CCE8280492005 /* RootView.swift in Sources */,
				B2BA2EDCA173DDEDD61FF8BD /* SocialViews.swift in Sources */,
				388862FD824CE56B55EE672A /* Theme.swift in Sources */,
				EF71FBCBDF30D20460C49750 /* TrainView.swift in Sources */,
			);
			runOnlyForDeploymentPostprocessing = 0;
		};
/* End PBXSourcesBuildPhase section */

/* Begin XCBuildConfiguration section */
		0CB1D40994D17D9039D5CAB4 /* Debug */ = {
			isa = XCBuildConfiguration;
			buildSettings = {
				ALWAYS_SEARCH_USER_PATHS = NO;
				CLANG_ANALYZER_NONNULL = YES;
				CLANG_ANALYZER_NUMBER_OBJECT_CONVERSION = YES_AGGRESSIVE;
				CLANG_CXX_LANGUAGE_STANDARD = "gnu++14";
				CLANG_CXX_LIBRARY = "libc++";
				CLANG_ENABLE_MODULES = YES;
				CLANG_ENABLE_OBJC_ARC = YES;
				CLANG_ENABLE_OBJC_WEAK = YES;
				CLANG_WARN_BLOCK_CAPTURE_AUTORELEASING = YES;
				CLANG_WARN_BOOL_CONVERSION = YES;
				CLANG_WARN_COMMA = YES;
				CLANG_WARN_CONSTANT_CONVERSION = YES;
				CLANG_WARN_DEPRECATED_OBJC_IMPLEMENTATIONS = YES;
				CLANG_WARN_DIRECT_OBJC_ISA_USAGE = YES_ERROR;
				CLANG_WARN_DOCUMENTATION_COMMENTS = YES;
				CLANG_WARN_EMPTY_BODY = YES;
				CLANG_WARN_ENUM_CONVERSION = YES;
				CLANG_WARN_INFINITE_RECURSION = YES;
				CLANG_WARN_INT_CONVERSION = YES;
				CLANG_WARN_NON_LITERAL_NULL_CONVERSION = YES;
				CLANG_WARN_OBJC_IMPLICIT_RETAIN_SELF = YES;
				CLANG_WARN_OBJC_LITERAL_CONVERSION = YES;
				CLANG_WARN_OBJC_ROOT_CLASS = YES_ERROR;
				CLANG_WARN_QUOTED_INCLUDE_IN_FRAMEWORK_HEADER = YES;
				CLANG_WARN_RANGE_LOOP_ANALYSIS = YES;
				CLANG_WARN_STRICT_PROTOTYPES = YES;
				CLANG_WARN_SUSPICIOUS_MOVE = YES;
				CLANG_WARN_UNGUARDED_AVAILABILITY = YES_AGGRESSIVE;
				CLANG_WARN_UNREACHABLE_CODE = YES;
				CLANG_WARN__DUPLICATE_METHOD_MATCH = YES;
				COPY_PHASE_STRIP = NO;
				CURRENT_PROJECT_VERSION = 1;
				DEBUG_INFORMATION_FORMAT = dwarf;
				ENABLE_STRICT_OBJC_MSGSEND = YES;
				ENABLE_TESTABILITY = YES;
				GCC_C_LANGUAGE_STANDARD = gnu11;
				GCC_DYNAMIC_NO_PIC = NO;
				GCC_NO_COMMON_BLOCKS = YES;
				GCC_OPTIMIZATION_LEVEL = 0;
				GCC_PREPROCESSOR_DEFINITIONS = (
					"$(inherited)",
					"DEBUG=1",
				);
				GCC_WARN_64_TO_32_BIT_CONVERSION = YES;
				GCC_WARN_ABOUT_RETURN_TYPE = YES_ERROR;
				GCC_WARN_UNDECLARED_SELECTOR = YES;
				GCC_WARN_UNINITIALIZED_AUTOS = YES_AGGRESSIVE;
				GCC_WARN_UNUSED_FUNCTION = YES;
				GCC_WARN_UNUSED_VARIABLE = YES;
				IPHONEOS_DEPLOYMENT_TARGET = 16.0;
				MARKETING_VERSION = 1.0;
				MTL_ENABLE_DEBUG_INFO = INCLUDE_SOURCE;
				MTL_FAST_MATH = YES;
				ONLY_ACTIVE_ARCH = YES;
				PRODUCT_NAME = "$(TARGET_NAME)";
				SDKROOT = iphoneos;
				SWIFT_ACTIVE_COMPILATION_CONDITIONS = DEBUG;
				SWIFT_OPTIMIZATION_LEVEL = "-Onone";
				SWIFT_VERSION = 5.0;
			};
			name = Debug;
		};
		71730B16B3C6DD310629D3CA /* Release */ = {
			isa = XCBuildConfiguration;
			buildSettings = {
				ALWAYS_SEARCH_USER_PATHS = NO;
				CLANG_ANALYZER_NONNULL = YES;
				CLANG_ANALYZER_NUMBER_OBJECT_CONVERSION = YES_AGGRESSIVE;
				CLANG_CXX_LANGUAGE_STANDARD = "gnu++14";
				CLANG_CXX_LIBRARY = "libc++";
				CLANG_ENABLE_MODULES = YES;
				CLANG_ENABLE_OBJC_ARC = YES;
				CLANG_ENABLE_OBJC_WEAK = YES;
				CLANG_WARN_BLOCK_CAPTURE_AUTORELEASING = YES;
				CLANG_WARN_BOOL_CONVERSION = YES;
				CLANG_WARN_COMMA = YES;
				CLANG_WARN_CONSTANT_CONVERSION = YES;
				CLANG_WARN_DEPRECATED_OBJC_IMPLEMENTATIONS = YES;
				CLANG_WARN_DIRECT_OBJC_ISA_USAGE = YES_ERROR;
				CLANG_WARN_DOCUMENTATION_COMMENTS = YES;
				CLANG_WARN_EMPTY_BODY = YES;
				CLANG_WARN_ENUM_CONVERSION = YES;
				CLANG_WARN_INFINITE_RECURSION = YES;
				CLANG_WARN_INT_CONVERSION = YES;
				CLANG_WARN_NON_LITERAL_NULL_CONVERSION = YES;
				CLANG_WARN_OBJC_IMPLICIT_RETAIN_SELF = YES;
				CLANG_WARN_OBJC_LITERAL_CONVERSION = YES;
				CLANG_WARN_OBJC_ROOT_CLASS = YES_ERROR;
				CLANG_WARN_QUOTED_INCLUDE_IN_FRAMEWORK_HEADER = YES;
				CLANG_WARN_RANGE_LOOP_ANALYSIS = YES;
				CLANG_WARN_STRICT_PROTOTYPES = YES;
				CLANG_WARN_SUSPICIOUS_MOVE = YES;
				CLANG_WARN_UNGUARDED_AVAILABILITY = YES_AGGRESSIVE;
				CLANG_WARN_UNREACHABLE_CODE = YES;
				CLANG_WARN__DUPLICATE_METHOD_MATCH = YES;
				COPY_PHASE_STRIP = NO;
				CURRENT_PROJECT_VERSION = 1;
				DEBUG_INFORMATION_FORMAT = "dwarf-with-dsym";
				ENABLE_NS_ASSERTIONS = NO;
				ENABLE_STRICT_OBJC_MSGSEND = YES;
				GCC_C_LANGUAGE_STANDARD = gnu11;
				GCC_NO_COMMON_BLOCKS = YES;
				GCC_WARN_64_TO_32_BIT_CONVERSION = YES;
				GCC_WARN_ABOUT_RETURN_TYPE = YES_ERROR;
				GCC_WARN_UNDECLARED_SELECTOR = YES;
				GCC_WARN_UNINITIALIZED_AUTOS = YES_AGGRESSIVE;
				GCC_WARN_UNUSED_FUNCTION = YES;
				GCC_WARN_UNUSED_VARIABLE = YES;
				IPHONEOS_DEPLOYMENT_TARGET = 16.0;
				MARKETING_VERSION = 1.0;
				MTL_ENABLE_DEBUG_INFO = NO;
				MTL_FAST_MATH = YES;
				PRODUCT_NAME = "$(TARGET_NAME)";
				SDKROOT = iphoneos;
				SWIFT_COMPILATION_MODE = wholemodule;
				SWIFT_OPTIMIZATION_LEVEL = "-O";
				SWIFT_VERSION = 5.0;
			};
			name = Release;
		};
		943ADECF25AEC53C370BFB49 /* Release */ = {
			isa = XCBuildConfiguration;
			buildSettings = {
				ASSETCATALOG_COMPILER_APPICON_NAME = AppIcon;
				CODE_SIGN_IDENTITY = "iPhone Developer";
				INFOPLIST_FILE = GymSwipeIOS/Info.plist;
				IPHONEOS_DEPLOYMENT_TARGET = 16.0;
				LD_RUNPATH_SEARCH_PATHS = (
					"$(inherited)",
					"@executable_path/Frameworks",
				);
				PRODUCT_BUNDLE_IDENTIFIER = com.javiercolroma.gymswipeios;
				PRODUCT_NAME = "Forge Loop";
				SDKROOT = iphoneos;
				SUPPORTED_PLATFORMS = "iphoneos iphonesimulator";
				SUPPORTS_MACCATALYST = NO;
				SUPPORTS_MAC_DESIGNED_FOR_IPHONE_IPAD = NO;
				TARGETED_DEVICE_FAMILY = "1,2";
			};
			name = Release;
		};
		C4290D73C4EF3C68B8D362A6 /* Debug */ = {
			isa = XCBuildConfiguration;
			buildSettings = {
				ASSETCATALOG_COMPILER_APPICON_NAME = AppIcon;
				CODE_SIGN_IDENTITY = "iPhone Developer";
				INFOPLIST_FILE = GymSwipeIOS/Info.plist;
				IPHONEOS_DEPLOYMENT_TARGET = 16.0;
				LD_RUNPATH_SEARCH_PATHS = (
					"$(inherited)",
					"@executable_path/Frameworks",
				);
				PRODUCT_BUNDLE_IDENTIFIER = com.javiercolroma.gymswipeios;
				PRODUCT_NAME = "Forge Loop";
				SDKROOT = iphoneos;
				SUPPORTED_PLATFORMS = "iphoneos iphonesimulator";
				SUPPORTS_MACCATALYST = NO;
				SUPPORTS_MAC_DESIGNED_FOR_IPHONE_IPAD = NO;
				TARGETED_DEVICE_FAMILY = "1,2";
			};
			name = Debug;
		};
/* End XCBuildConfiguration section */

/* Begin XCConfigurationList section */
		2F318D80FF755CBCABE5E35D /* Build configuration list for PBXProject "GymSwipeIOS" */ = {
			isa = XCConfigurationList;
			buildConfigurations = (
				0CB1D40994D17D9039D5CAB4 /* Debug */,
				71730B16B3C6DD310629D3CA /* Release */,
			);
			defaultConfigurationIsVisible = 0;
			defaultConfigurationName = Debug;
		};
		88267C34260ADA5CF97A93AE /* Build configuration list for PBXNativeTarget "GymSwipeIOS" */ = {
			isa = XCConfigurationList;
			buildConfigurations = (
				C4290D73C4EF3C68B8D362A6 /* Debug */,
				943ADECF25AEC53C370BFB49 /* Release */,
			);
			defaultConfigurationIsVisible = 0;
			defaultConfigurationName = Debug;
		};
/* End XCConfigurationList section */
	};
	rootObject = E59A13C9409BBD82CC4E974F /* Project object */;
}
